<?xml version="1.0" encoding="UTF-8"?>
<Scheme
   LastUpgradeVersion = "2630"
   version = "1.3">
   <BuildAction
      parallelizeBuildables = "YES"
      buildImplicitDependencies = "YES">
      <BuildActionEntries>
         <BuildActionEntry
            buildForTesting = "YES"
            buildForRunning = "YES"
            buildForProfiling = "YES"
            buildForArchiving = "YES"
            buildForAnalyzing = "YES">
            <BuildableReference
               BuildableIdentifier = "primary"
               BlueprintIdentifier = "572848118C1EED1650280174"
               BuildableName = "OpenASO.app"
               BlueprintName = "OpenASO"
               ReferencedContainer = "container:OpenASO.xcodeproj">
            </BuildableReference>
         </BuildActionEntry>
      </BuildActionEntries>
   </BuildAction>
   <TestAction
      buildConfiguration = "Debug"
      selectedDebuggerIdentifier = "Xcode.DebuggerFoundation.Debugger.LLDB"
      selectedLauncherIdentifier = "Xcode.DebuggerFoundation.Launcher.LLDB"
      shouldUseLaunchSchemeArgsEnv = "YES">
      <MacroExpansion>
         <BuildableReference
            BuildableIdentifier = "primary"
            BlueprintIdentifier = "572848118C1EED1650280174"
            BuildableName = "OpenASO.app"
            BlueprintName = "OpenASO"
            ReferencedContainer = "container:OpenASO.xcodeproj">
         </BuildableReference>
      </MacroExpansion>
      <Testables>
         <TestableReference
            skipped = "NO"
            parallelizable = "NO">
            <BuildableReference
               BuildableIdentifier = "primary"
               BlueprintIdentifier = "F2536CA1B0F0F2F45D6E20A1"
               BuildableName = "OpenASOTests.xctest"
               BlueprintName = "OpenASOTests"
               ReferencedContainer = "container:OpenASO.xcodeproj">
            </BuildableReference>
         </TestableReference>
      </Testables>
   </TestAction>
   <LaunchAction
      buildConfiguration = "Debug"
      selectedDebuggerIdentifier = "Xcode.DebuggerFoundation.Debugger.LLDB"
      selectedLauncherIdentifier = "Xcode.DebuggerFoundation.Launcher.LLDB"
      launchStyle = "0"
      useCustomWorkingDirectory = "YES"
      customWorkingDirectory = "$(PROJECT_DIR)"
      ignoresPersistentStateOnLaunch = "NO"
      debugDocumentVersioning = "YES"
      debugServiceExtension = "internal"
      allowLocationSimulation = "YES">
      <BuildableProductRunnable
         runnableDebuggingMode = "0">
         <BuildableReference
            BuildableIdentifier = "primary"
            BlueprintIdentifier = "572848118C1EED1650280174"
            BuildableName = "OpenASO.app"
            BlueprintName = "OpenASO"
            ReferencedContainer = "container:OpenASO.xcodeproj">
         </BuildableReference>
      </BuildableProductRunnable>
      <EnvironmentVariables>
         <EnvironmentVariable
            key = "OPENASO_ENV_FILE"
            value = "$(PROJECT_DIR)/.env"
            isEnabled = "YES">
         </EnvironmentVariable>
         <EnvironmentVariable
            key = "OPENASO_BACKEND_ENV"
            value = "production"
            isEnabled = "YES">
         </EnvironmentVariable>
         <EnvironmentVariable
            key = "OPENASO_UPLOAD_AUTH_MODE"
            value = "development"
            isEnabled = "YES">
         </EnvironmentVariable>
         <EnvironmentVariable
            key = "POSTHOG_PROJECT_TOKEN"
            value = "phc_ogHMQ779ESRv4K6VPdRLuRG5kjuP4oTV3SeFU6n4qWre"
            isEnabled = "YES">
         </EnvironmentVariable>
         <EnvironmentVariable
            key = "POSTHOG_HOST"
            value = "https://ph.openaso.thirdtechapps.com"
            isEnabled = "YES">
         </EnvironmentVariable>
      </EnvironmentVariables>
   </LaunchAction>
   <ProfileAction
      buildConfiguration = "Release"
      shouldUseLaunchSchemeArgsEnv = "YES"
      savedToolIdentifier = ""
      useCustomWorkingDirectory = "NO"
      debugDocumentVersioning = "YES">
      <BuildableProductRunnable
         runnableDebuggingMode = "0">
         <BuildableReference
            BuildableIdentifier = "primary"
            BlueprintIdentifier = "572848118C1EED1650280174"
            BuildableName = "OpenASO.app"
            BlueprintName = "OpenASO"
            ReferencedContainer = "container:OpenASO.xcodeproj">
         </BuildableReference>
      </BuildableProductRunnable>
   </ProfileAction>
   <AnalyzeAction
      buildConfiguration = "Debug">
   </AnalyzeAction>
   <ArchiveAction
      buildConfiguration = "Release"
      revealArchiveInOrganizer = "YES">
   </ArchiveAction>
</Scheme>
